{
  "name": "20260326001607",
  "lockfileVersion": 3,
  "requires": true,
  "packages": {
    "": {
      "dependencies": {
        "@icon-park/react": "^1.4.2"
      }
    },
    "node_modules/@icon-park/react": {
      "version": "1.4.2",
      "resolved": "https://registry.npmjs.org/@icon-park/react/-/react-1.4.2.tgz",
      "integrity": "sha512-+MtQLjNiRuia3fC/NfpSCTIy5KH5b+NkMB9zYd7p3R4aAIK61AjK0OSraaICJdkKooU9jpzk8m0fY4g9A3JqhQ==",
      "license": "Apache-2.0",
      "engines": {
        "node": ">= 8.0.0",
        "npm": ">= 5.0.0"
      },
      "peerDependencies": {
        "react": ">=16.9",
        "react-dom": ">=16.9"
      }
    },
    "node_modules/react": {
      "version": "19.2.4",
      "resolved": "https://registry.npmjs.org/react/-/react-19.2.4.tgz",
      "integrity": "sha512-9nfp2hYpCwOjAN+8TZFGhtWEwgvWHXqESH8qT89AT/lWklpLON22Lc8pEtnpsZz7VmawabSU0gCjnj8aC0euHQ==",
      "license": "MIT",
      "peer": true,
      "engines": {
        "node": ">=0.10.0"
      }
    },
    "node_modules/react-dom": {
      "version": "19.2.4",
      "resolved": "https://registry.npmjs.org/react-dom/-/react-dom-19.2.4.tgz",
      "integrity": "sha512-AXJdLo8kgMbimY95O2aKQqsz2iWi9jMgKJhRBAxECE4IFxfcazB2LmzloIoibJI3C12IlY20+KFaLv+71bUJeQ==",
      "license": "MIT",
      "peer": true,
      "dependencies": {
        "scheduler": "^0.27.0"
      },
      "peerDependencies": {
        "react": "^19.2.4"
      }
    },
    "node_modules/scheduler": {
      "version": "0.27.0",
      "resolved": "https://registry.npmjs.org/scheduler/-/scheduler-0.27.0.tgz",
      "integrity": "sha512-eNv+WrVbKu1f3vbYJT/xtiF5syA5HPIMtf9IgY/nKg0sWqzAUEvqY/xm7OcZc/qafLx/iO9FgOmeSAp4v5ti/Q==",
      "license": "MIT",
      "peer": true
    }
  }
}
